
Microsoft Visual Studio Solution File, Format Version 12.00
# Visual Studio Version 16
VisualStudioVersion = 16.0.30523.141
MinimumVisualStudioVersion = 10.0.40219.1
Project("{FAE04EC0-301F-11D3-BF4B-00C04F79EFBC}") = "MiniMaxAlgoritm", "MiniMaxAlgoritm\MiniMaxAlgoritm.csproj", "{B6F2547A-6212-41D0-A4B3-757BE4044604}"
EndProject
Global
	GlobalSection(SolutionConfigurationPlatforms) = preSolution
		Debug|Any CPU = Debug|Any CPU
		Release|Any CPU = Release|Any CPU
	EndGlobalSection
	GlobalSection(ProjectConfigurationPlatforms) = postSolution
		{B6F2547A-6212-41D0-A4B3-757BE4044604}.Debug|Any CPU.ActiveCfg = Debug|Any CPU
		{B6F2547A-6212-41D0-A4B3-757BE4044604}.Debug|Any CPU.Build.0 = Debug|Any CPU
		{B6F2547A-6212-41D0-A4B3-757BE4044604}.Release|Any CPU.ActiveCfg = Release|Any CPU
		{B6F2547A-6212-41D0-A4B3-757BE4044604}.Release|Any CPU.Build.0 = Release|Any CPU
	EndGlobalSection
	GlobalSection(SolutionProperties) = preSolution
		HideSolutionNode = FALSE
	EndGlobalSection
	GlobalSection(ExtensibilityGlobals) = postSolution
		SolutionGuid = {C9C4ABCF-56D8-4160-8C81-5D6F0CA7BEEB}
	EndGlobalSection
EndGlobal
